// !$*UTF8*$!
{
	archiveVersion = 1;
	classes = {
	};
	objectVersion = 56;
	objects = {

/* Begin PBXBuildFile section */
		B10000000000000000000003 /* SSHCertificateEditor.swift in Sources */ = {isa = PBXBuildFile; fileRef = B10000000000000000000004 /* SSHCertificateEditor.swift */; };
		B10000000000000000000001 /* SSHAgentIdentityEditor.swift in Sources */ = {isa = PBXBuildFile; fileRef = B10000000000000000000002 /* SSHAgentIdentityEditor.swift */; };
		A10000000000000000000013 /* TermeowKit in Frameworks */ = {isa = PBXBuildFile; productRef = A10000000000000000000011 /* TermeowKit */; };
		A10000000000000000000014 /* TermeowKit in Frameworks */ = {isa = PBXBuildFile; productRef = A10000000000000000000012 /* TermeowKit */; };
		A10000000000000000000040 /* TermeowApp.swift in Sources */ = {isa = PBXBuildFile; fileRef = A10000000000000000000050 /* TermeowApp.swift */; };
		A10000000000000000000041 /* AppModel.swift in Sources */ = {isa = PBXBuildFile; fileRef = A10000000000000000000051 /* AppModel.swift */; };
		A10000000000000000000042 /* ContentView.swift in Sources */ = {isa = PBXBuildFile; fileRef = A10000000000000000000052 /* ContentView.swift */; };
		A10000000000000000000043 /* SessionViews.swift in Sources */ = {isa = PBXBuildFile; fileRef = A10000000000000000000053 /* SessionViews.swift */; };
		A10000000000000000000044 /* TerminalContainerView.swift in Sources */ = {isa = PBXBuildFile; fileRef = A10000000000000000000054 /* TerminalContainerView.swift */; };
		A10000000000000000000045 /* HostKeyView.swift in Sources */ = {isa = PBXBuildFile; fileRef = A10000000000000000000055 /* HostKeyView.swift */; };
		A10000000000000000000046 /* SessionStoreTests.swift in Sources */ = {isa = PBXBuildFile; fileRef = A10000000000000000000056 /* SessionStoreTests.swift */; };
		A10000000000000000000047 /* KeychainStoreTests.swift in Sources */ = {isa = PBXBuildFile; fileRef = A10000000000000000000057 /* KeychainStoreTests.swift */; };
		A10000000000000000000048 /* TerminalEngineTests.swift in Sources */ = {isa = PBXBuildFile; fileRef = A10000000000000000000058 /* TerminalEngineTests.swift */; };
		A10000000000000000000049 /* Localizable.strings in Resources */ = {isa = PBXBuildFile; fileRef = A10000000000000000000059 /* Localizable.strings */; };
		A1000000000000000000004A /* SFTPView.swift in Sources */ = {isa = PBXBuildFile; fileRef = A1000000000000000000005C /* SFTPView.swift */; };
		A1000000000000000000004B /* SFTPPathTests.swift in Sources */ = {isa = PBXBuildFile; fileRef = A1000000000000000000005D /* SFTPPathTests.swift */; };
		A1000000000000000000004C /* SettingsView.swift in Sources */ = {isa = PBXBuildFile; fileRef = A1000000000000000000005E /* SettingsView.swift */; };
		A1000000000000000000004D /* TabBarView.swift in Sources */ = {isa = PBXBuildFile; fileRef = A1000000000000000000005F /* TabBarView.swift */; };
		A1000000000000000000004E /* TabReorderTests.swift in Sources */ = {isa = PBXBuildFile; fileRef = A10000000000000000000063 /* TabReorderTests.swift */; };
		A1000000000000000000004F /* SessionListReorderTests.swift in Sources */ = {isa = PBXBuildFile; fileRef = A10000000000000000000064 /* SessionListReorderTests.swift */; };
/* End PBXBuildFile section */

/* Begin PBXFileReference section */
		B10000000000000000000004 /* SSHCertificateEditor.swift */ = {isa = PBXFileReference; lastKnownFileType = sourcecode.swift; path = SSHCertificateEditor.swift; sourceTree = "<group>"; };
		B10000000000000000000002 /* SSHAgentIdentityEditor.swift */ = {isa = PBXFileReference; lastKnownFileType = sourcecode.swift; path = SSHAgentIdentityEditor.swift; sourceTree = "<group>"; };
		A10000000000000000000004 /* Termeow.app */ = {isa = PBXFileReference; explicitFileType = wrapper.application; includeInIndex = 0; path = Termeow.app; sourceTree = BUILT_PRODUCTS_DIR; };
		A10000000000000000000005 /* TermeowKitTests.xctest */ = {isa = PBXFileReference; explicitFileType = wrapper.cfbundle; includeInIndex = 0; path = TermeowKitTests.xctest; sourceTree = BUILT_PRODUCTS_DIR; };
		A10000000000000000000050 /* TermeowApp.swift */ = {isa = PBXFileReference; lastKnownFileType = sourcecode.swift; path = TermeowApp.swift; sourceTree = "<group>"; };
		A10000000000000000000051 /* AppModel.swift */ = {isa = PBXFileReference; lastKnownFileType = sourcecode.swift; path = AppModel.swift; sourceTree = "<group>"; };
		A10000000000000000000052 /* ContentView.swift */ = {isa = PBXFileReference; lastKnownFileType = sourcecode.swift; path = ContentView.swift; sourceTree = "<group>"; };
		A10000000000000000000053 /* SessionViews.swift */ = {isa = PBXFileReference; lastKnownFileType = sourcecode.swift; path = SessionViews.swift; sourceTree = "<group>"; };
		A10000000000000000000054 /* TerminalContainerView.swift */ = {isa = PBXFileReference; lastKnownFileType = sourcecode.swift; path = TerminalContainerView.swift; sourceTree = "<group>"; };
		A10000000000000000000055 /* HostKeyView.swift */ = {isa = PBXFileReference; lastKnownFileType = sourcecode.swift; path = HostKeyView.swift; sourceTree = "<group>"; };
		A10000000000000000000056 /* SessionStoreTests.swift */ = {isa = PBXFileReference; lastKnownFileType = sourcecode.swift; path = SessionStoreTests.swift; sourceTree = "<group>"; };
		A10000000000000000000057 /* KeychainStoreTests.swift */ = {isa = PBXFileReference; lastKnownFileType = sourcecode.swift; path = KeychainStoreTests.swift; sourceTree = "<group>"; };
		A10000000000000000000058 /* TerminalEngineTests.swift */ = {isa = PBXFileReference; lastKnownFileType = sourcecode.swift; path = TerminalEngineTests.swift; sourceTree = "<group>"; };
		A1000000000000000000005A /* en */ = {isa = PBXFileReference; lastKnownFileType = text.plist.strings; name = en; path = en.lproj/Localizable.strings; sourceTree = "<group>"; };
		A1000000000000000000005B /* zh-Hans */ = {isa = PBXFileReference; lastKnownFileType = text.plist.strings; name = "zh-Hans"; path = "zh-Hans.lproj/Localizable.strings"; sourceTree = "<group>"; };
		A1000000000000000000005C /* SFTPView.swift */ = {isa = PBXFileReference; lastKnownFileType = sourcecode.swift; path = SFTPView.swift; sourceTree = "<group>"; };
		A1000000000000000000005D /* SFTPPathTests.swift */ = {isa = PBXFileReference; lastKnownFileType = sourcecode.swift; path = SFTPPathTests.swift; sourceTree = "<group>"; };
		A1000000000000000000005E /* SettingsView.swift */ = {isa = PBXFileReference; lastKnownFileType = sourcecode.swift; path = SettingsView.swift; sourceTree = "<group>"; };
		A1000000000000000000005F /* TabBarView.swift */ = {isa = PBXFileReference; lastKnownFileType = sourcecode.swift; path = TabBarView.swift; sourceTree = "<group>"; };
		A10000000000000000000063 /* TabReorderTests.swift */ = {isa = PBXFileReference; lastKnownFileType = sourcecode.swift; path = TabReorderTests.swift; sourceTree = "<group>"; };
		A10000000000000000000064 /* SessionListReorderTests.swift */ = {isa = PBXFileReference; lastKnownFileType = sourcecode.swift; path = SessionListReorderTests.swift; sourceTree = "<group>"; };
/* End PBXFileReference section */

/* Begin PBXFrameworksBuildPhase section */
		A10000000000000000000060 /* Frameworks */ = {
			isa = PBXFrameworksBuildPhase;
			buildActionMask = 2147483647;
			files = (
				A10000000000000000000013 /* TermeowKit in Frameworks */,
			);
			runOnlyForDeploymentPostprocessing = 0;
		};
		A10000000000000000000061 /* Frameworks */ = {
			isa = PBXFrameworksBuildPhase;
			buildActionMask = 2147483647;
			files = (
				A10000000000000000000014 /* TermeowKit in Frameworks */,
			);
			runOnlyForDeploymentPostprocessing = 0;
		};
/* End PBXFrameworksBuildPhase section */

/* Begin PBXGroup section */
		A10000000000000000000006 = {
			isa = PBXGroup;
			children = (
				A10000000000000000000007 /* App */,
				A10000000000000000000009 /* Tests */,
				A10000000000000000000008 /* Products */,
			);
			sourceTree = "<group>";
		};
		A10000000000000000000007 /* App */ = {
			isa = PBXGroup;
			children = (
				A10000000000000000000059 /* Localizable.strings */,
				A10000000000000000000050 /* TermeowApp.swift */,
				A10000000000000000000051 /* AppModel.swift */,
				A10000000000000000000052 /* ContentView.swift */,
				A1000000000000000000005F /* TabBarView.swift */,
				A10000000000000000000053 /* SessionViews.swift */,
				B10000000000000000000002 /* SSHAgentIdentityEditor.swift */,
				B10000000000000000000004 /* SSHCertificateEditor.swift */,
				A10000000000000000000054 /* TerminalContainerView.swift */,
				A10000000000000000000055 /* HostKeyView.swift */,
				A1000000000000000000005C /* SFTPView.swift */,
				A1000000000000000000005E /* SettingsView.swift */,
			);
			name = App;
			path = App/Termeow;
			sourceTree = "<group>";
		};
		A10000000000000000000008 /* Products */ = {
			isa = PBXGroup;
			children = (
				A10000000000000000000004 /* Termeow.app */,
				A10000000000000000000005 /* TermeowKitTests.xctest */,
			);
			name = Products;
			sourceTree = "<group>";
		};
		A10000000000000000000009 /* Tests */ = {
			isa = PBXGroup;
			children = (
				A10000000000000000000056 /* SessionStoreTests.swift */,
				A10000000000000000000057 /* KeychainStoreTests.swift */,
				A10000000000000000000058 /* TerminalEngineTests.swift */,
				A1000000000000000000005D /* SFTPPathTests.swift */,
				A10000000000000000000063 /* TabReorderTests.swift */,
				A10000000000000000000064 /* SessionListReorderTests.swift */,
			);
			name = Tests;
			path = Tests/TermeowKitTests;
			sourceTree = "<group>";
		};
/* End PBXGroup section */

/* Begin PBXNativeTarget section */
		A10000000000000000000002 /* Termeow */ = {
			isa = PBXNativeTarget;
			buildConfigurationList = A10000000000000000000021 /* Build configuration list for PBXNativeTarget "Termeow" */;
			buildPhases = (
				A10000000000000000000030 /* Sources */,
				A10000000000000000000060 /* Frameworks */,
				A10000000000000000000062 /* Resources */,
			);
			buildRules = (
			);
			dependencies = (
			);
			name = Termeow;
			packageProductDependencies = (
				A10000000000000000000011 /* TermeowKit */,
			);
			productName = Termeow;
			productReference = A10000000000000000000004 /* Termeow.app */;
			productType = "com.apple.product-type.application";
		};
		A10000000000000000000003 /* TermeowKitTests */ = {
			isa = PBXNativeTarget;
			buildConfigurationList = A10000000000000000000022 /* Build configuration list for PBXNativeTarget "TermeowKitTests" */;
			buildPhases = (
				A10000000000000000000031 /* Sources */,
				A10000000000000000000061 /* Frameworks */,
			);
			buildRules = (
			);
			dependencies = (
			);
			name = TermeowKitTests;
			packageProductDependencies = (
				A10000000000000000000012 /* TermeowKit */,
			);
			productName = TermeowKitTests;
			productReference = A10000000000000000000005 /* TermeowKitTests.xctest */;
			productType = "com.apple.product-type.bundle.unit-test";
		};
/* End PBXNativeTarget section */

/* Begin PBXProject section */
		A10000000000000000000001 /* Project object */ = {
			isa = PBXProject;
			attributes = {
				BuildIndependentTargetsInParallel = 1;
				LastSwiftUpdateCheck = 1600;
				LastUpgradeCheck = 1600;
			};
			buildConfigurationList = A10000000000000000000020 /* Build configuration list for PBXProject "Termeow" */;
			compatibilityVersion = "Xcode 14.0";
			developmentRegion = en;
			hasScannedForEncodings = 0;
			knownRegions = (
				en,
				"zh-Hans",
				Base,
			);
			mainGroup = A10000000000000000000006;
			packageReferences = (
				A10000000000000000000010 /* XCLocalSwiftPackageReference "." */,
			);
			productRefGroup = A10000000000000000000008 /* Products */;
			projectDirPath = "";
			projectRoot = "";
			targets = (
				A10000000000000000000002 /* Termeow */,
				A10000000000000000000003 /* TermeowKitTests */,
			);
		};
/* End PBXProject section */

/* Begin PBXResourcesBuildPhase section */
		A10000000000000000000062 /* Resources */ = {
			isa = PBXResourcesBuildPhase;
			buildActionMask = 2147483647;
			files = (
				A10000000000000000000049 /* Localizable.strings in Resources */,
			);
			runOnlyForDeploymentPostprocessing = 0;
		};
/* End PBXResourcesBuildPhase section */

/* Begin PBXSourcesBuildPhase section */
		A10000000000000000000030 /* Sources */ = {
			isa = PBXSourcesBuildPhase;
			buildActionMask = 2147483647;
			files = (
				A10000000000000000000040 /* TermeowApp.swift in Sources */,
				A10000000000000000000041 /* AppModel.swift in Sources */,
				A10000000000000000000042 /* ContentView.swift in Sources */,
				A10000000000000000000043 /* SessionViews.swift in Sources */,
				B10000000000000000000001 /* SSHAgentIdentityEditor.swift in Sources */,
				B10000000000000000000003 /* SSHCertificateEditor.swift in Sources */,
				A10000000000000000000044 /* TerminalContainerView.swift in Sources */,
				A10000000000000000000045 /* HostKeyView.swift in Sources */,
				A1000000000000000000004A /* SFTPView.swift in Sources */,
				A1000000000000000000004C /* SettingsView.swift in Sources */,
				A1000000000000000000004D /* TabBarView.swift in Sources */,
			);
			runOnlyForDeploymentPostprocessing = 0;
		};
		A10000000000000000000031 /* Sources */ = {
			isa = PBXSourcesBuildPhase;
			buildActionMask = 2147483647;
			files = (
				A10000000000000000000046 /* SessionStoreTests.swift in Sources */,
				A10000000000000000000047 /* KeychainStoreTests.swift in Sources */,
				A10000000000000000000048 /* TerminalEngineTests.swift in Sources */,
				A1000000000000000000004B /* SFTPPathTests.swift in Sources */,
				A1000000000000000000004E /* TabReorderTests.swift in Sources */,
				A1000000000000000000004F /* SessionListReorderTests.swift in Sources */,
			);
			runOnlyForDeploymentPostprocessing = 0;
		};
/* End PBXSourcesBuildPhase section */

/* Begin PBXVariantGroup section */
		A10000000000000000000059 /* Localizable.strings */ = {
			isa = PBXVariantGroup;
			children = (
				A1000000000000000000005A /* en */,
				A1000000000000000000005B /* zh-Hans */,
			);
			name = Localizable.strings;
			sourceTree = "<group>";
		};
/* End PBXVariantGroup section */

/* Begin XCBuildConfiguration section */
		A10000000000000000000023 /* Debug */ = {
			isa = XCBuildConfiguration;
			buildSettings = {
				ALWAYS_SEARCH_USER_PATHS = NO;
				CLANG_ENABLE_MODULES = YES;
				CLANG_ENABLE_OBJC_ARC = YES;
				COPY_PHASE_STRIP = NO;
				DEBUG_INFORMATION_FORMAT = dwarf;
				ENABLE_TESTABILITY = YES;
				MACOSX_DEPLOYMENT_TARGET = 15.0;
				ONLY_ACTIVE_ARCH = YES;
				SDKROOT = macosx;
				SWIFT_ACTIVE_COMPILATION_CONDITIONS = DEBUG;
				SWIFT_OPTIMIZATION_LEVEL = "-Onone";
				SWIFT_VERSION = 6.0;
			};
			name = Debug;
		};
		A10000000000000000000024 /* Release */ = {
			isa = XCBuildConfiguration;
			buildSettings = {
				ALWAYS_SEARCH_USER_PATHS = NO;
				CLANG_ENABLE_MODULES = YES;
				CLANG_ENABLE_OBJC_ARC = YES;
				COPY_PHASE_STRIP = NO;
				DEBUG_INFORMATION_FORMAT = "dwarf-with-dsym";
				MACOSX_DEPLOYMENT_TARGET = 15.0;
				SDKROOT = macosx;
				SWIFT_COMPILATION_MODE = wholemodule;
				SWIFT_VERSION = 6.0;
			};
			name = Release;
		};
		A10000000000000000000025 /* Debug */ = {
			isa = XCBuildConfiguration;
			buildSettings = {
				CODE_SIGN_IDENTITY = "-";
				CODE_SIGNING_ALLOWED = YES;
				COMBINE_HIDPI_IMAGES = YES;
				ENABLE_APP_SANDBOX = NO;
				ENABLE_HARDENED_RUNTIME = NO;
				GENERATE_INFOPLIST_FILE = YES;
				INFOPLIST_KEY_CFBundleDisplayName = Termeow;
				INFOPLIST_KEY_LSApplicationCategoryType = "public.app-category.developer-tools";
				INFOPLIST_KEY_NSHumanReadableCopyright = "Copyright 2026 Termeow";
				INFOPLIST_KEY_NSPrincipalClass = NSApplication;
				LD_RUNPATH_SEARCH_PATHS = (
					"$(inherited)",
					"@executable_path/../Frameworks",
				);
				PRODUCT_BUNDLE_IDENTIFIER = cn.termeow.Termeow;
				PRODUCT_NAME = Termeow;
				SWIFT_EMIT_LOC_STRINGS = YES;
			};
			name = Debug;
		};
		A10000000000000000000026 /* Release */ = {
			isa = XCBuildConfiguration;
			buildSettings = {
				CODE_SIGN_IDENTITY = "-";
				CODE_SIGNING_ALLOWED = YES;
				COMBINE_HIDPI_IMAGES = YES;
				ENABLE_APP_SANDBOX = NO;
				ENABLE_HARDENED_RUNTIME = NO;
				GENERATE_INFOPLIST_FILE = YES;
				INFOPLIST_KEY_CFBundleDisplayName = Termeow;
				INFOPLIST_KEY_LSApplicationCategoryType = "public.app-category.developer-tools";
				INFOPLIST_KEY_NSHumanReadableCopyright = "Copyright 2026 Termeow";
				INFOPLIST_KEY_NSPrincipalClass = NSApplication;
				LD_RUNPATH_SEARCH_PATHS = (
					"$(inherited)",
					"@executable_path/../Frameworks",
				);
				PRODUCT_BUNDLE_IDENTIFIER = cn.termeow.Termeow;
				PRODUCT_NAME = Termeow;
				SWIFT_EMIT_LOC_STRINGS = YES;
			};
			name = Release;
		};
		A10000000000000000000027 /* Debug */ = {
			isa = XCBuildConfiguration;
			buildSettings = {
				CODE_SIGN_IDENTITY = "-";
				GENERATE_INFOPLIST_FILE = YES;
				LD_RUNPATH_SEARCH_PATHS = (
					"$(inherited)",
					"@executable_path/../Frameworks",
					"@loader_path/../Frameworks",
				);
				PRODUCT_BUNDLE_IDENTIFIER = cn.termeow.TermeowTests;
				PRODUCT_NAME = TermeowKitTests;
				SWIFT_VERSION = 6.0;
			};
			name = Debug;
		};
		A10000000000000000000028 /* Release */ = {
			isa = XCBuildConfiguration;
			buildSettings = {
				CODE_SIGN_IDENTITY = "-";
				GENERATE_INFOPLIST_FILE = YES;
				LD_RUNPATH_SEARCH_PATHS = (
					"$(inherited)",
					"@executable_path/../Frameworks",
					"@loader_path/../Frameworks",
				);
				PRODUCT_BUNDLE_IDENTIFIER = cn.termeow.TermeowTests;
				PRODUCT_NAME = TermeowKitTests;
				SWIFT_VERSION = 6.0;
			};
			name = Release;
		};
/* End XCBuildConfiguration section */

/* Begin XCConfigurationList section */
		A10000000000000000000020 /* Build configuration list for PBXProject "Termeow" */ = {
			isa = XCConfigurationList;
			buildConfigurations = (
				A10000000000000000000023 /* Debug */,
				A10000000000000000000024 /* Release */,
			);
			defaultConfigurationIsVisible = 0;
			defaultConfigurationName = Release;
		};
		A10000000000000000000021 /* Build configuration list for PBXNativeTarget "Termeow" */ = {
			isa = XCConfigurationList;
			buildConfigurations = (
				A10000000000000000000025 /* Debug */,
				A10000000000000000000026 /* Release */,
			);
			defaultConfigurationIsVisible = 0;
			defaultConfigurationName = Release;
		};
		A10000000000000000000022 /* Build configuration list for PBXNativeTarget "TermeowKitTests" */ = {
			isa = XCConfigurationList;
			buildConfigurations = (
				A10000000000000000000027 /* Debug */,
				A10000000000000000000028 /* Release */,
			);
			defaultConfigurationIsVisible = 0;
			defaultConfigurationName = Release;
		};
/* End XCConfigurationList section */

/* Begin XCLocalSwiftPackageReference section */
		A10000000000000000000010 /* XCLocalSwiftPackageReference "." */ = {
			isa = XCLocalSwiftPackageReference;
			relativePath = .;
		};
/* End XCLocalSwiftPackageReference section */

/* Begin XCSwiftPackageProductDependency section */
		A10000000000000000000011 /* TermeowKit */ = {
			isa = XCSwiftPackageProductDependency;
			package = A10000000000000000000010 /* XCLocalSwiftPackageReference "." */;
			productName = TermeowKit;
		};
		A10000000000000000000012 /* TermeowKit */ = {
			isa = XCSwiftPackageProductDependency;
			package = A10000000000000000000010 /* XCLocalSwiftPackageReference "." */;
			productName = TermeowKit;
		};
/* End XCSwiftPackageProductDependency section */
	};
	rootObject = A10000000000000000000001 /* Project object */;
}
